
Microsoft Visual Studio Solution File, Format Version 12.00
# Visual Studio 15
VisualStudioVersion = 15.0.26124.0
MinimumVisualStudioVersion = 15.0.26124.0
Project("{FAE04EC0-301F-11D3-BF4B-00C04F79EFBC}") = "TestCommon", "..\TestCommon\TestCommon.csproj", "{CB935880-713D-4951-AAF6-AF1D59237D8B}"
EndProject
Project("{FAE04EC0-301F-11D3-BF4B-00C04F79EFBC}") = "A3", "A3\A3.csproj", "{E36BD002-2237-4D04-811E-1A2E6408BD65}"
EndProject
Project("{FAE04EC0-301F-11D3-BF4B-00C04F79EFBC}") = "A3.Tests", "A3.Tests\A3.Tests.csproj", "{6FD61504-3797-4BC4-A17C-9E7DDF785E77}"
EndProject
Global
	GlobalSection(SolutionConfigurationPlatforms) = preSolution
		Debug|Any CPU = Debug|Any CPU
		Debug|x64 = Debug|x64
		Debug|x86 = Debug|x86
		Release|Any CPU = Release|Any CPU
		Release|x64 = Release|x64
		Release|x86 = Release|x86
	EndGlobalSection
	GlobalSection(SolutionProperties) = preSolution
		HideSolutionNode = FALSE
	EndGlobalSection
	GlobalSection(ProjectConfigurationPlatforms) = postSolution
		{CB935880-713D-4951-AAF6-AF1D59237D8B}.Debug|Any CPU.ActiveCfg = Debug|Any CPU
		{CB935880-713D-4951-AAF6-AF1D59237D8B}.Debug|Any CPU.Build.0 = Debug|Any CPU
		{CB935880-713D-4951-AAF6-AF1D59237D8B}.Debug|x64.ActiveCfg = Debug|Any CPU
		{CB935880-713D-4951-AAF6-AF1D59237D8B}.Debug|x64.Build.0 = Debug|Any CPU
		{CB935880-713D-4951-AAF6-AF1D59237D8B}.Debug|x86.ActiveCfg = Debug|Any CPU
		{CB935880-713D-4951-AAF6-AF1D59237D8B}.Debug|x86.Build.0 = Debug|Any CPU
		{CB935880-713D-4951-AAF6-AF1D59237D8B}.Release|Any CPU.ActiveCfg = Release|Any CPU
		{CB935880-713D-4951-AAF6-AF1D59237D8B}.Release|Any CPU.Build.0 = Release|Any CPU
		{CB935880-713D-4951-AAF6-AF1D59237D8B}.Release|x64.ActiveCfg = Release|Any CPU
		{CB935880-713D-4951-AAF6-AF1D59237D8B}.Release|x64.Build.0 = Release|Any CPU
		{CB935880-713D-4951-AAF6-AF1D59237D8B}.Release|x86.ActiveCfg = Release|Any CPU
		{CB935880-713D-4951-AAF6-AF1D59237D8B}.Release|x86.Build.0 = Release|Any CPU
		{E36BD002-2237-4D04-811E-1A2E6408BD65}.Debug|Any CPU.ActiveCfg = Debug|Any CPU
		{E36BD002-2237-4D04-811E-1A2E6408BD65}.Debug|Any CPU.Build.0 = Debug|Any CPU
		{E36BD002-2237-4D04-811E-1A2E6408BD65}.Debug|x64.ActiveCfg = Debug|Any CPU
		{E36BD002-2237-4D04-811E-1A2E6408BD65}.Debug|x64.Build.0 = Debug|Any CPU
		{E36BD002-2237-4D04-811E-1A2E6408BD65}.Debug|x86.ActiveCfg = Debug|Any CPU
		{E36BD002-2237-4D04-811E-1A2E6408BD65}.Debug|x86.Build.0 = Debug|Any CPU
		{E36BD002-2237-4D04-811E-1A2E6408BD65}.Release|Any CPU.ActiveCfg = Release|Any CPU
		{E36BD002-2237-4D04-811E-1A2E6408BD65}.Release|Any CPU.Build.0 = Release|Any CPU
		{E36BD002-2237-4D04-811E-1A2E6408BD65}.Release|x64.ActiveCfg = Release|Any CPU
		{E36BD002-2237-4D04-811E-1A2E6408BD65}.Release|x64.Build.0 = Release|Any CPU
		{E36BD002-2237-4D04-811E-1A2E6408BD65}.Release|x86.ActiveCfg = Release|Any CPU
		{E36BD002-2237-4D04-811E-1A2E6408BD65}.Release|x86.Build.0 = Release|Any CPU
		{6FD61504-3797-4BC4-A17C-9E7DDF785E77}.Debug|Any CPU.ActiveCfg = Debug|Any CPU
		{6FD61504-3797-4BC4-A17C-9E7DDF785E77}.Debug|Any CPU.Build.0 = Debug|Any CPU
		{6FD61504-3797-4BC4-A17C-9E7DDF785E77}.Debug|x64.ActiveCfg = Debug|Any CPU
		{6FD61504-3797-4BC4-A17C-9E7DDF785E77}.Debug|x64.Build.0 = Debug|Any CPU
		{6FD61504-3797-4BC4-A17C-9E7DDF785E77}.Debug|x86.ActiveCfg = Debug|Any CPU
		{6FD61504-3797-4BC4-A17C-9E7DDF785E77}.Debug|x86.Build.0 = Debug|Any CPU
		{6FD61504-3797-4BC4-A17C-9E7DDF785E77}.Release|Any CPU.ActiveCfg = Release|Any CPU
		{6FD61504-3797-4BC4-A17C-9E7DDF785E77}.Release|Any CPU.Build.0 = Release|Any CPU
		{6FD61504-3797-4BC4-A17C-9E7DDF785E77}.Release|x64.ActiveCfg = Release|Any CPU
		{6FD61504-3797-4BC4-A17C-9E7DDF785E77}.Release|x64.Build.0 = Release|Any CPU
		{6FD61504-3797-4BC4-A17C-9E7DDF785E77}.Release|x86.ActiveCfg = Release|Any CPU
		{6FD61504-3797-4BC4-A17C-9E7DDF785E77}.Release|x86.Build.0 = Release|Any CPU
	EndGlobalSection
EndGlobal
