
Microsoft Visual Studio Solution File, Format Version 12.00
# Visual Studio 15
VisualStudioVersion = 15.0.26124.0
MinimumVisualStudioVersion = 15.0.26124.0
Project("{FAE04EC0-301F-11D3-BF4B-00C04F79EFBC}") = "TestCommon", "..\TestCommon\TestCommon.csproj", "{1ED9378B-4F46-4C10-B711-F8A0A30F6755}"
EndProject
Project("{FAE04EC0-301F-11D3-BF4B-00C04F79EFBC}") = "A10", "A10\A10.csproj", "{3841A77C-03D4-410B-A119-E630C0F49384}"
EndProject
Project("{FAE04EC0-301F-11D3-BF4B-00C04F79EFBC}") = "A10.Tests", "A10.Tests\A10.Tests.csproj", "{7BB166A2-DB6C-434E-9A03-BDE2B63BF3F6}"
EndProject
Global
	GlobalSection(SolutionConfigurationPlatforms) = preSolution
		Debug|Any CPU = Debug|Any CPU
		Debug|x64 = Debug|x64
		Debug|x86 = Debug|x86
		Release|Any CPU = Release|Any CPU
		Release|x64 = Release|x64
		Release|x86 = Release|x86
	EndGlobalSection
	GlobalSection(SolutionProperties) = preSolution
		HideSolutionNode = FALSE
	EndGlobalSection
	GlobalSection(ProjectConfigurationPlatforms) = postSolution
		{1ED9378B-4F46-4C10-B711-F8A0A30F6755}.Debug|Any CPU.ActiveCfg = Debug|Any CPU
		{1ED9378B-4F46-4C10-B711-F8A0A30F6755}.Debug|Any CPU.Build.0 = Debug|Any CPU
		{1ED9378B-4F46-4C10-B711-F8A0A30F6755}.Debug|x64.ActiveCfg = Debug|Any CPU
		{1ED9378B-4F46-4C10-B711-F8A0A30F6755}.Debug|x64.Build.0 = Debug|Any CPU
		{1ED9378B-4F46-4C10-B711-F8A0A30F6755}.Debug|x86.ActiveCfg = Debug|Any CPU
		{1ED9378B-4F46-4C10-B711-F8A0A30F6755}.Debug|x86.Build.0 = Debug|Any CPU
		{1ED9378B-4F46-4C10-B711-F8A0A30F6755}.Release|Any CPU.ActiveCfg = Release|Any CPU
		{1ED9378B-4F46-4C10-B711-F8A0A30F6755}.Release|Any CPU.Build.0 = Release|Any CPU
		{1ED9378B-4F46-4C10-B711-F8A0A30F6755}.Release|x64.ActiveCfg = Release|Any CPU
		{1ED9378B-4F46-4C10-B711-F8A0A30F6755}.Release|x64.Build.0 = Release|Any CPU
		{1ED9378B-4F46-4C10-B711-F8A0A30F6755}.Release|x86.ActiveCfg = Release|Any CPU
		{1ED9378B-4F46-4C10-B711-F8A0A30F6755}.Release|x86.Build.0 = Release|Any CPU
		{3841A77C-03D4-410B-A119-E630C0F49384}.Debug|Any CPU.ActiveCfg = Debug|Any CPU
		{3841A77C-03D4-410B-A119-E630C0F49384}.Debug|Any CPU.Build.0 = Debug|Any CPU
		{3841A77C-03D4-410B-A119-E630C0F49384}.Debug|x64.ActiveCfg = Debug|Any CPU
		{3841A77C-03D4-410B-A119-E630C0F49384}.Debug|x64.Build.0 = Debug|Any CPU
		{3841A77C-03D4-410B-A119-E630C0F49384}.Debug|x86.ActiveCfg = Debug|Any CPU
		{3841A77C-03D4-410B-A119-E630C0F49384}.Debug|x86.Build.0 = Debug|Any CPU
		{3841A77C-03D4-410B-A119-E630C0F49384}.Release|Any CPU.ActiveCfg = Release|Any CPU
		{3841A77C-03D4-410B-A119-E630C0F49384}.Release|Any CPU.Build.0 = Release|Any CPU
		{3841A77C-03D4-410B-A119-E630C0F49384}.Release|x64.ActiveCfg = Release|Any CPU
		{3841A77C-03D4-410B-A119-E630C0F49384}.Release|x64.Build.0 = Release|Any CPU
		{3841A77C-03D4-410B-A119-E630C0F49384}.Release|x86.ActiveCfg = Release|Any CPU
		{3841A77C-03D4-410B-A119-E630C0F49384}.Release|x86.Build.0 = Release|Any CPU
		{7BB166A2-DB6C-434E-9A03-BDE2B63BF3F6}.Debug|Any CPU.ActiveCfg = Debug|Any CPU
		{7BB166A2-DB6C-434E-9A03-BDE2B63BF3F6}.Debug|Any CPU.Build.0 = Debug|Any CPU
		{7BB166A2-DB6C-434E-9A03-BDE2B63BF3F6}.Debug|x64.ActiveCfg = Debug|Any CPU
		{7BB166A2-DB6C-434E-9A03-BDE2B63BF3F6}.Debug|x64.Build.0 = Debug|Any CPU
		{7BB166A2-DB6C-434E-9A03-BDE2B63BF3F6}.Debug|x86.ActiveCfg = Debug|Any CPU
		{7BB166A2-DB6C-434E-9A03-BDE2B63BF3F6}.Debug|x86.Build.0 = Debug|Any CPU
		{7BB166A2-DB6C-434E-9A03-BDE2B63BF3F6}.Release|Any CPU.ActiveCfg = Release|Any CPU
		{7BB166A2-DB6C-434E-9A03-BDE2B63BF3F6}.Release|Any CPU.Build.0 = Release|Any CPU
		{7BB166A2-DB6C-434E-9A03-BDE2B63BF3F6}.Release|x64.ActiveCfg = Release|Any CPU
		{7BB166A2-DB6C-434E-9A03-BDE2B63BF3F6}.Release|x64.Build.0 = Release|Any CPU
		{7BB166A2-DB6C-434E-9A03-BDE2B63BF3F6}.Release|x86.ActiveCfg = Release|Any CPU
		{7BB166A2-DB6C-434E-9A03-BDE2B63BF3F6}.Release|x86.Build.0 = Release|Any CPU
	EndGlobalSection
EndGlobal
